{
  "version": 4,
  "terraform_version": "0.14.8",
  "serial": 23,
  "lineage": "ddb03008-ebe3-d284-593f-2d8d948ff69f",
  "outputs": {},
  "resources": [
    {
      "module": "module.global",
      "mode": "managed",
      "type": "aws_s3_bucket",
      "name": "s3_logging_bucket",
      "provider": "provider[\"registry.terraform.io/hashicorp/aws\"]",
      "instances": [
        {
          "schema_version": 0,
          "attributes": {
            "acceleration_status": "",
            "acl": "private",
            "arn": "arn:aws:s3:::codebuild-tfbucket",
            "bucket": "codebuild-tfbucket",
            "bucket_domain_name": "codebuild-tfbucket.s3.amazonaws.com",
            "bucket_prefix": null,
            "bucket_regional_domain_name": "codebuild-tfbucket.s3.us-west-2.amazonaws.com",
            "cors_rule": [],
            "force_destroy": false,
            "grant": [],
            "hosted_zone_id": "Z3BJ6K6RIION7M",
            "id": "codebuild-tfbucket",
            "lifecycle_rule": [],
            "logging": [],
            "object_lock_configuration": [],
            "policy": null,
            "region": "us-west-2",
            "replication_configuration": [],
            "request_payer": "BucketOwner",
            "server_side_encryption_configuration": [],
            "tags": {},
            "tags_all": {},
            "versioning": [
              {
                "enabled": false,
                "mfa_delete": false
              }
            ],
            "website": [],
            "website_domain": null,
            "website_endpoint": null
          },
          "sensitive_attributes": []
        }
      ]
    }
  ]
}
